
Microsoft Visual Studio Solution File, Format Version 12.00
# Visual Studio Version 17
VisualStudioVersion = 17.2.32526.322
MinimumVisualStudioVersion = 10.0.40219.1
Project("{FAE04EC0-301F-11D3-BF4B-00C04F79EFBC}") = "Seq.App.Azure.EventHub", "Seq.App.Azure.EventHub\Seq.App.Azure.EventHub.csproj", "{2669F569-FAAE-4C69-B869-309E0F5AB402}"
EndProject
Project("{FAE04EC0-301F-11D3-BF4B-00C04F79EFBC}") = "Seq.App.Azure", "Seq.App.Azure\Seq.App.Azure.csproj", "{C1A1CCB1-066D-48AF-9602-983719509816}"
EndProject
Global
	GlobalSection(SolutionConfigurationPlatforms) = preSolution
		Debug|Any CPU = Debug|Any CPU
		Release|Any CPU = Release|Any CPU
	EndGlobalSection
	GlobalSection(ProjectConfigurationPlatforms) = postSolution
		{2669F569-FAAE-4C69-B869-309E0F5AB402}.Debug|Any CPU.ActiveCfg = Debug|Any CPU
		{2669F569-FAAE-4C69-B869-309E0F5AB402}.Debug|Any CPU.Build.0 = Debug|Any CPU
		{2669F569-FAAE-4C69-B869-309E0F5AB402}.Release|Any CPU.ActiveCfg = Release|Any CPU
		{2669F569-FAAE-4C69-B869-309E0F5AB402}.Release|Any CPU.Build.0 = Release|Any CPU
		{C1A1CCB1-066D-48AF-9602-983719509816}.Debug|Any CPU.ActiveCfg = Debug|Any CPU
		{C1A1CCB1-066D-48AF-9602-983719509816}.Debug|Any CPU.Build.0 = Debug|Any CPU
		{C1A1CCB1-066D-48AF-9602-983719509816}.Release|Any CPU.ActiveCfg = Release|Any CPU
		{C1A1CCB1-066D-48AF-9602-983719509816}.Release|Any CPU.Build.0 = Release|Any CPU
	EndGlobalSection
	GlobalSection(SolutionProperties) = preSolution
		HideSolutionNode = FALSE
	EndGlobalSection
	GlobalSection(ExtensibilityGlobals) = postSolution
		SolutionGuid = {00D9A5A3-414C-4994-8528-64FA8D0107CD}
	EndGlobalSection
EndGlobal
